
Microsoft Visual Studio Solution File, Format Version 12.00
# Visual Studio 15
VisualStudioVersion = 15.0.28307.489
MinimumVisualStudioVersion = 10.0.40219.1
Project("{FAE04EC0-301F-11D3-BF4B-00C04F79EFBC}") = "ECommerceCompany.Core", "ECommerceCompany.Core\ECommerceCompany.Core.csproj", "{212CB12F-BD3A-4A85-A3F3-D3ADF307FC42}"
EndProject
Project("{FAE04EC0-301F-11D3-BF4B-00C04F79EFBC}") = "ECommerceCompany.ECommerce.Entity", "ECommerceCompany.ECommerce.Entity\ECommerceCompany.ECommerce.Entity.csproj", "{101AA173-9A0C-468E-9CE3-90D47ECD7C49}"
EndProject
Project("{FAE04EC0-301F-11D3-BF4B-00C04F79EFBC}") = "ECommerceCompany.ECommerce.DataAccess", "ECommerceCompany.ECommerce.DataAccess\ECommerceCompany.ECommerce.DataAccess.csproj", "{69EEB631-DD31-4348-8B7A-8CD411A1504D}"
EndProject
Project("{FAE04EC0-301F-11D3-BF4B-00C04F79EFBC}") = "ECommerceCompany.ECommerce.Business", "ECommerceCompany.ECommerce.Business\ECommerceCompany.ECommerce.Business.csproj", "{59A4C3E4-F2C3-4D31-9D81-FEDAF1CD4666}"
EndProject
Project("{FAE04EC0-301F-11D3-BF4B-00C04F79EFBC}") = "ECommerceCompany.ECommerce.WebApi", "ECommerceCompany.ECommerce.WebApi\ECommerceCompany.ECommerce.WebApi.csproj", "{956FA8DE-0301-41A1-9D0A-4B76F0091E94}"
EndProject
Global
	GlobalSection(SolutionConfigurationPlatforms) = preSolution
		Debug|Any CPU = Debug|Any CPU
		Release|Any CPU = Release|Any CPU
	EndGlobalSection
	GlobalSection(ProjectConfigurationPlatforms) = postSolution
		{212CB12F-BD3A-4A85-A3F3-D3ADF307FC42}.Debug|Any CPU.ActiveCfg = Debug|Any CPU
		{212CB12F-BD3A-4A85-A3F3-D3ADF307FC42}.Debug|Any CPU.Build.0 = Debug|Any CPU
		{212CB12F-BD3A-4A85-A3F3-D3ADF307FC42}.Release|Any CPU.ActiveCfg = Release|Any CPU
		{212CB12F-BD3A-4A85-A3F3-D3ADF307FC42}.Release|Any CPU.Build.0 = Release|Any CPU
		{101AA173-9A0C-468E-9CE3-90D47ECD7C49}.Debug|Any CPU.ActiveCfg = Debug|Any CPU
		{101AA173-9A0C-468E-9CE3-90D47ECD7C49}.Debug|Any CPU.Build.0 = Debug|Any CPU
		{101AA173-9A0C-468E-9CE3-90D47ECD7C49}.Release|Any CPU.ActiveCfg = Release|Any CPU
		{101AA173-9A0C-468E-9CE3-90D47ECD7C49}.Release|Any CPU.Build.0 = Release|Any CPU
		{69EEB631-DD31-4348-8B7A-8CD411A1504D}.Debug|Any CPU.ActiveCfg = Debug|Any CPU
		{69EEB631-DD31-4348-8B7A-8CD411A1504D}.Debug|Any CPU.Build.0 = Debug|Any CPU
		{69EEB631-DD31-4348-8B7A-8CD411A1504D}.Release|Any CPU.ActiveCfg = Release|Any CPU
		{69EEB631-DD31-4348-8B7A-8CD411A1504D}.Release|Any CPU.Build.0 = Release|Any CPU
		{59A4C3E4-F2C3-4D31-9D81-FEDAF1CD4666}.Debug|Any CPU.ActiveCfg = Debug|Any CPU
		{59A4C3E4-F2C3-4D31-9D81-FEDAF1CD4666}.Debug|Any CPU.Build.0 = Debug|Any CPU
		{59A4C3E4-F2C3-4D31-9D81-FEDAF1CD4666}.Release|Any CPU.ActiveCfg = Release|Any CPU
		{59A4C3E4-F2C3-4D31-9D81-FEDAF1CD4666}.Release|Any CPU.Build.0 = Release|Any CPU
		{956FA8DE-0301-41A1-9D0A-4B76F0091E94}.Debug|Any CPU.ActiveCfg = Debug|Any CPU
		{956FA8DE-0301-41A1-9D0A-4B76F0091E94}.Debug|Any CPU.Build.0 = Debug|Any CPU
		{956FA8DE-0301-41A1-9D0A-4B76F0091E94}.Release|Any CPU.ActiveCfg = Release|Any CPU
		{956FA8DE-0301-41A1-9D0A-4B76F0091E94}.Release|Any CPU.Build.0 = Release|Any CPU
	EndGlobalSection
	GlobalSection(SolutionProperties) = preSolution
		HideSolutionNode = FALSE
	EndGlobalSection
	GlobalSection(ExtensibilityGlobals) = postSolution
		SolutionGuid = {F9E12F29-96D2-44A5-A913-1881CA5E9107}
	EndGlobalSection
EndGlobal
